
Microsoft Visual Studio Solution File, Format Version 12.00
# Visual Studio Version 17
VisualStudioVersion = 17.11.35303.130
MinimumVisualStudioVersion = 10.0.40219.1
Project("{FAE04EC0-301F-11D3-BF4B-00C04F79EFBC}") = "SWP391_PawFund", "SWP391_PawFund\SWP391_PawFund.csproj", "{F76DFEA5-BD87-4F51-B32F-0E2FE046A139}"
EndProject
Project("{FAE04EC0-301F-11D3-BF4B-00C04F79EFBC}") = "ModelLayer", "ModelLayer\ModelLayer.csproj", "{20DF42A4-7B84-4565-AB1C-7DD74003BEB8}"
EndProject
Project("{FAE04EC0-301F-11D3-BF4B-00C04F79EFBC}") = "RepositoryLayer", "RepositoryLayer\RepositoryLayer.csproj", "{2E31520A-44EA-4F92-B09A-7AC085645D56}"
EndProject
Project("{FAE04EC0-301F-11D3-BF4B-00C04F79EFBC}") = "ServiceLayer", "ServiceLayer\ServiceLayer.csproj", "{AF61F21E-A5B9-43A3-B343-5ACC017180EA}"
EndProject
Global
	GlobalSection(SolutionConfigurationPlatforms) = preSolution
		Debug|Any CPU = Debug|Any CPU
		Release|Any CPU = Release|Any CPU
	EndGlobalSection
	GlobalSection(ProjectConfigurationPlatforms) = postSolution
		{F76DFEA5-BD87-4F51-B32F-0E2FE046A139}.Debug|Any CPU.ActiveCfg = Debug|Any CPU
		{F76DFEA5-BD87-4F51-B32F-0E2FE046A139}.Debug|Any CPU.Build.0 = Debug|Any CPU
		{F76DFEA5-BD87-4F51-B32F-0E2FE046A139}.Release|Any CPU.ActiveCfg = Release|Any CPU
		{F76DFEA5-BD87-4F51-B32F-0E2FE046A139}.Release|Any CPU.Build.0 = Release|Any CPU
		{20DF42A4-7B84-4565-AB1C-7DD74003BEB8}.Debug|Any CPU.ActiveCfg = Debug|Any CPU
		{20DF42A4-7B84-4565-AB1C-7DD74003BEB8}.Debug|Any CPU.Build.0 = Debug|Any CPU
		{20DF42A4-7B84-4565-AB1C-7DD74003BEB8}.Release|Any CPU.ActiveCfg = Release|Any CPU
		{20DF42A4-7B84-4565-AB1C-7DD74003BEB8}.Release|Any CPU.Build.0 = Release|Any CPU
		{2E31520A-44EA-4F92-B09A-7AC085645D56}.Debug|Any CPU.ActiveCfg = Debug|Any CPU
		{2E31520A-44EA-4F92-B09A-7AC085645D56}.Debug|Any CPU.Build.0 = Debug|Any CPU
		{2E31520A-44EA-4F92-B09A-7AC085645D56}.Release|Any CPU.ActiveCfg = Release|Any CPU
		{2E31520A-44EA-4F92-B09A-7AC085645D56}.Release|Any CPU.Build.0 = Release|Any CPU
		{AF61F21E-A5B9-43A3-B343-5ACC017180EA}.Debug|Any CPU.ActiveCfg = Debug|Any CPU
		{AF61F21E-A5B9-43A3-B343-5ACC017180EA}.Debug|Any CPU.Build.0 = Debug|Any CPU
		{AF61F21E-A5B9-43A3-B343-5ACC017180EA}.Release|Any CPU.ActiveCfg = Release|Any CPU
		{AF61F21E-A5B9-43A3-B343-5ACC017180EA}.Release|Any CPU.Build.0 = Release|Any CPU
	EndGlobalSection
	GlobalSection(SolutionProperties) = preSolution
		HideSolutionNode = FALSE
	EndGlobalSection
	GlobalSection(ExtensibilityGlobals) = postSolution
		SolutionGuid = {E2A4B5A1-490B-4A99-88C8-8ECA971063B3}
	EndGlobalSection
EndGlobal
